
Microsoft Visual Studio Solution File, Format Version 10.00
# Visual Studio 2008
Project("{8BC9CEB8-8B4A-11D0-8D11-00A0C91BC942}") = "DataManage", "DataManage.vcproj", "{53E52677-BBDE-48A3-8062-5B2506C0F20F}"
EndProject
Global
	GlobalSection(SolutionConfigurationPlatforms) = preSolution
		Debug|Win32 = Debug|Win32
		Release|Win32 = Release|Win32
	EndGlobalSection
	GlobalSection(ProjectConfigurationPlatforms) = postSolution
		{53E52677-BBDE-48A3-8062-5B2506C0F20F}.Debug|Win32.ActiveCfg = Debug|Win32
		{53E52677-BBDE-48A3-8062-5B2506C0F20F}.Debug|Win32.Build.0 = Debug|Win32
		{53E52677-BBDE-48A3-8062-5B2506C0F20F}.Release|Win32.ActiveCfg = Release|Win32
		{53E52677-BBDE-48A3-8062-5B2506C0F20F}.Release|Win32.Build.0 = Release|Win32
	EndGlobalSection
	GlobalSection(SolutionProperties) = preSolution
		HideSolutionNode = FALSE
	EndGlobalSection
EndGlobal
